
Microsoft Visual Studio Solution File, Format Version 12.00
# Visual Studio Version 16
VisualStudioVersion = 16.0.31729.503
MinimumVisualStudioVersion = 10.0.40219.1
Project("{FAE04EC0-301F-11D3-BF4B-00C04F79EFBC}") = "Optima", "Optima.csproj", "{B282FEBC-7CBA-4BB0-BD66-54E235CDB765}"
EndProject
Global
	GlobalSection(SolutionConfigurationPlatforms) = preSolution
		Debug|Any CPU = Debug|Any CPU
		Release|Any CPU = Release|Any CPU
	EndGlobalSection
	GlobalSection(ProjectConfigurationPlatforms) = postSolution
		{B282FEBC-7CBA-4BB0-BD66-54E235CDB765}.Debug|Any CPU.ActiveCfg = Debug|Any CPU
		{B282FEBC-7CBA-4BB0-BD66-54E235CDB765}.Debug|Any CPU.Build.0 = Debug|Any CPU
		{B282FEBC-7CBA-4BB0-BD66-54E235CDB765}.Release|Any CPU.ActiveCfg = Release|Any CPU
		{B282FEBC-7CBA-4BB0-BD66-54E235CDB765}.Release|Any CPU.Build.0 = Release|Any CPU
	EndGlobalSection
	GlobalSection(SolutionProperties) = preSolution
		HideSolutionNode = FALSE
	EndGlobalSection
	GlobalSection(ExtensibilityGlobals) = postSolution
		SolutionGuid = {549A488B-689B-412D-A284-6699210EDAE2}
	EndGlobalSection
EndGlobal
